{
  "name": "on-the-fly-mwa-injection-tool",
  "version": "0.1.0",
  "lockfileVersion": 3,
  "requires": true,
  "packages": {
    "": {
      "name": "on-the-fly-mwa-injection-tool",
      "version": "0.1.0",
      "workspaces": [
        "packages/*",
        "examples/*"
      ]
    },
    "node_modules/@mwa-injector/core": {
      "resolved": "packages/injector-core",
      "link": true
    },
    "node_modules/@mwa-injector/payload": {
      "resolved": "packages/injector-payload",
      "link": true
    },
    "packages/injector-core": {
      "name": "@mwa-injector/core",
      "version": "0.1.0"
    },
    "packages/injector-payload": {
      "name": "@mwa-injector/payload",
      "version": "0.1.0",
      "dependencies": {
        "@mwa-injector/core": "0.1.0"
      }
    }
  }
}
